
Microsoft Visual Studio Solution File, Format Version 12.00
# Visual Studio 15
VisualStudioVersion = 15.0.27703.2026
MinimumVisualStudioVersion = 10.0.40219.1
Project("{FAE04EC0-301F-11D3-BF4B-00C04F79EFBC}") = "alimhan.milkiev", "alimhan.milkiev\alimhan.milkiev.csproj", "{B1C732EA-89EA-4412-BDFC-DC66A152F876}"
EndProject
Global
	GlobalSection(SolutionConfigurationPlatforms) = preSolution
		Debug|Any CPU = Debug|Any CPU
		Release|Any CPU = Release|Any CPU
	EndGlobalSection
	GlobalSection(ProjectConfigurationPlatforms) = postSolution
		{B1C732EA-89EA-4412-BDFC-DC66A152F876}.Debug|Any CPU.ActiveCfg = Debug|Any CPU
		{B1C732EA-89EA-4412-BDFC-DC66A152F876}.Debug|Any CPU.Build.0 = Debug|Any CPU
		{B1C732EA-89EA-4412-BDFC-DC66A152F876}.Release|Any CPU.ActiveCfg = Release|Any CPU
		{B1C732EA-89EA-4412-BDFC-DC66A152F876}.Release|Any CPU.Build.0 = Release|Any CPU
	EndGlobalSection
	GlobalSection(SolutionProperties) = preSolution
		HideSolutionNode = FALSE
	EndGlobalSection
	GlobalSection(ExtensibilityGlobals) = postSolution
		SolutionGuid = {EE1D7342-5CF4-408D-BFFD-D556E2378D8F}
	EndGlobalSection
EndGlobal
